
Microsoft Visual Studio Solution File, Format Version 12.00
# Visual Studio 15
VisualStudioVersion = 15.0.27703.2035
MinimumVisualStudioVersion = 10.0.40219.1
Project("{FAE04EC0-301F-11D3-BF4B-00C04F79EFBC}") = "Friendface.Web", "Friendface.Web\Friendface.Web.csproj", "{C463731B-BA38-45B4-AAB8-17CC36513B8A}"
EndProject
Project("{FAE04EC0-301F-11D3-BF4B-00C04F79EFBC}") = "Friendface.Core", "Friendface.Core\Friendface.Core.csproj", "{FE43B32D-04AC-4D30-ADFB-BB5EAE4C391B}"
EndProject
Global
	GlobalSection(SolutionConfigurationPlatforms) = preSolution
		Debug|Any CPU = Debug|Any CPU
		Release|Any CPU = Release|Any CPU
	EndGlobalSection
	GlobalSection(ProjectConfigurationPlatforms) = postSolution
		{C463731B-BA38-45B4-AAB8-17CC36513B8A}.Debug|Any CPU.ActiveCfg = Debug|Any CPU
		{C463731B-BA38-45B4-AAB8-17CC36513B8A}.Debug|Any CPU.Build.0 = Debug|Any CPU
		{C463731B-BA38-45B4-AAB8-17CC36513B8A}.Release|Any CPU.ActiveCfg = Release|Any CPU
		{C463731B-BA38-45B4-AAB8-17CC36513B8A}.Release|Any CPU.Build.0 = Release|Any CPU
		{FE43B32D-04AC-4D30-ADFB-BB5EAE4C391B}.Debug|Any CPU.ActiveCfg = Debug|Any CPU
		{FE43B32D-04AC-4D30-ADFB-BB5EAE4C391B}.Debug|Any CPU.Build.0 = Debug|Any CPU
		{FE43B32D-04AC-4D30-ADFB-BB5EAE4C391B}.Release|Any CPU.ActiveCfg = Release|Any CPU
		{FE43B32D-04AC-4D30-ADFB-BB5EAE4C391B}.Release|Any CPU.Build.0 = Release|Any CPU
	EndGlobalSection
	GlobalSection(SolutionProperties) = preSolution
		HideSolutionNode = FALSE
	EndGlobalSection
	GlobalSection(ExtensibilityGlobals) = postSolution
		SolutionGuid = {83A0793B-B9CA-40E7-9F2A-A62B9A2D704C}
	EndGlobalSection
EndGlobal
